{
  "lockfileVersion": 1,
  "configVersion": 1,
  "workspaces": {
    "": {
      "name": "tmp.ancypec3rr",
      "dependencies": {
        "@typescript/native-preview": "^7.0.0-dev.20260630.1",
        "effect": "^3.21.4",
        "fast-check": "^4.8.0",
      },
      "devDependencies": {
        "@types/bun": "latest",
      },
      "peerDependencies": {
        "typescript": "^5",
      },
    },
  },
  "packages": {
    "@standard-schema/spec": ["@standard-schema/spec@1.1.0", "", {}, "sha512-l2aFy5jALhniG5HgqrD6jXLi/rUWrKvqN/qJx6yoJsgKhblVd+iqqU4RCXavm/jPityDo5TCvKMnpjKnOriy0w=="],

    "@types/bun": ["@types/bun@1.3.14", "", { "dependencies": { "bun-types": "1.3.14" } }, "sha512-h1hFqFVcvAvD9j9K7ZW7vd82aSA+rTdznZa+5bwvCwqSB1jmmfLcbIWhOLx1/+boy/xmjgCs/OMUL8hRJSmnPw=="],

    "@types/node": ["@types/node@26.0.1", "", { "dependencies": { "undici-types": "~8.3.0" } }, "sha512-fc3KiUoBt6kie0N9bIW3E47vZsuaMf0PM2AaUpLCLT0s/LvX1nxAim6Fc049cNxODPpGm6qRAuUOB86SkRuPQw=="],

    "@typescript/native-preview": ["@typescript/native-preview@7.0.0-dev.20260630.1", "", { "optionalDependencies": { "@typescript/native-preview-darwin-arm64": "7.0.0-dev.20260630.1", "@typescript/native-preview-darwin-x64": "7.0.0-dev.20260630.1", "@typescript/native-preview-linux-arm": "7.0.0-dev.20260630.1", "@typescript/native-preview-linux-arm64": "7.0.0-dev.20260630.1", "@typescript/native-preview-linux-x64": "7.0.0-dev.20260630.1", "@typescript/native-preview-win32-arm64": "7.0.0-dev.20260630.1", "@typescript/native-preview-win32-x64": "7.0.0-dev.20260630.1" }, "bin": { "tsgo": "bin/tsgo" } }, "sha512-5OTvy2YpoDsOwAPqj4LkI4mrlAtc3mRzNdHAPp/1JWUvsKSRTzqAB2JPVD4qHUkAd9qY89yb758kc7fGyn3gbw=="],

    "@typescript/native-preview-darwin-arm64": ["@typescript/native-preview-darwin-arm64@7.0.0-dev.20260630.1", "", { "os": "darwin", "cpu": "arm64" }, "sha512-zo1TYD32r+MKOTnzhB1YGr2Jrw14tzGR/rpfr6hRMDz0kV9k2CWVvtOYOmOtRdmuO4KWZcWtVX13QyaPGhA8Hw=="],

    "@typescript/native-preview-darwin-x64": ["@typescript/native-preview-darwin-x64@7.0.0-dev.20260630.1", "", { "os": "darwin", "cpu": "x64" }, "sha512-57RYyZQQ6+drfu+CagVdqUvQwNesvuu/rJb/au66jv+figfpDOugD0S6ruQl1SxpFFfr0lCny3KEplsBdqFDEg=="],

    "@typescript/native-preview-linux-arm": ["@typescript/native-preview-linux-arm@7.0.0-dev.20260630.1", "", { "os": "linux", "cpu": "arm" }, "sha512-FLJSSt3bUmRpzWlr5cDE+td40FoDy/MT+VDYk4JGouisJo7g7GPjuF+fYOfsKI/RbD9f6gDFTyFPAoTLVVR/9g=="],

    "@typescript/native-preview-linux-arm64": ["@typescript/native-preview-linux-arm64@7.0.0-dev.20260630.1", "", { "os": "linux", "cpu": "arm64" }, "sha512-QQxNyZ9rVbE6lUqctrrRiTtA5Z0w2FFBy8SkiP/eDkuRy2WXrVpMQYntNn6d4nO1nWTmWJR1z/CS+H2rsrl8gg=="],

    "@typescript/native-preview-linux-x64": ["@typescript/native-preview-linux-x64@7.0.0-dev.20260630.1", "", { "os": "linux", "cpu": "x64" }, "sha512-WqNPvUBngGfnkunqn3IuIkkF6PA/HPSSbVucolO7stc9DxWZqfRals6/C8RTvuQaif9qt+bcY9U6lLXuDFyClA=="],

    "@typescript/native-preview-win32-arm64": ["@typescript/native-preview-win32-arm64@7.0.0-dev.20260630.1", "", { "os": "win32", "cpu": "arm64" }, "sha512-awATkrGGm2L1IraQgaw21VXWtAqv79DJ57No/J65Y+bL8InOVR2zu+zCH+5E44m8bh9IXwnShI7cAdvp02WNEw=="],

    "@typescript/native-preview-win32-x64": ["@typescript/native-preview-win32-x64@7.0.0-dev.20260630.1", "", { "os": "win32", "cpu": "x64" }, "sha512-M/+P66Gsss/CANV+MkKVFeNi9jljYYR3N2COf/WrVYcDwrHyiYHZYExfTw2cEbbkH8LcawXAekp9d23bevBR4Q=="],

    "bun-types": ["bun-types@1.3.14", "", { "dependencies": { "@types/node": "*" } }, "sha512-4N0ig0fEomHt5R0KCFWjovxow98rIoRwKolrYdCcknNwMekCXRnWEUvgu5soYV8QXtVsrUD8B95MBOZGPvr6KQ=="],

    "effect": ["effect@3.21.4", "", { "dependencies": { "@standard-schema/spec": "^1.0.0", "fast-check": "^3.23.1" } }, "sha512-B89v/xSgPbl1J2Ai2u18jxq3odpFauU1rC6/eSs4FeNHi72kwKdJp12VGigvRV2lK+kRnx+OOz41XV8guZd4gQ=="],

    "fast-check": ["fast-check@4.8.0", "", { "dependencies": { "pure-rand": "^8.0.0" } }, "sha512-GOJ158CUMnN6cSahsv4+ExARvIDuzzinFjkp0E9WtiBa5zcVeLozVkWaE4IzFcc+Y48Wp1EDlUZsXRyAztQcSg=="],

    "pure-rand": ["pure-rand@8.4.1", "", {}, "sha512-c58R2+SPFcSIPXoU834QN/KPDDOSd8sXcSrqf6e83Me6Rrp1EYkxukkjXMVrKvKaADs1SOyNkWdfvLf6zY8qLQ=="],

    "typescript": ["typescript@5.9.3", "", { "bin": { "tsc": "bin/tsc", "tsserver": "bin/tsserver" } }, "sha512-jl1vZzPDinLr9eUt3J/t7V6FgNEw9QjvBPdysz9KfQDD41fQrC2Y4vKQdiaUpFT4bXlb1RHhLpp8wtm6M5TgSw=="],

    "undici-types": ["undici-types@8.3.0", "", {}, "sha512-j375ScV60dom+YkPFIfTLcOiPxkN/buHz5GobjLhixFuANaNs3C9l4GmrWqejgXWJ7BbJcFYpTEUkS1Ge8bpZQ=="],

    "effect/fast-check": ["fast-check@3.23.2", "", { "dependencies": { "pure-rand": "^6.1.0" } }, "sha512-h5+1OzzfCC3Ef7VbtKdcv7zsstUQwUDlYpUTvjeUsJAssPgLn7QzbboPtL5ro04Mq0rPOsMzl7q5hIbRs2wD1A=="],

    "effect/fast-check/pure-rand": ["pure-rand@6.1.0", "", {}, "sha512-bVWawvoZoBYpp6yIoQtQXHZjmz35RSVHnUOTefl8Vcjr8snTPY1wnpSPMWekcFwbxI6gtmT7rSYPFvz71ldiOA=="],
  }
}
